// !$*UTF8*$!
{
	archiveVersion = 1;
	classes = {
	};
	objectVersion = 46;
	objects = {

/* Begin PBXBuildFile section */
		DD4357AF1CB485B500205A7F /* main.cpp in Sources */ = {isa = PBXBuildFile; fileRef = DD4357AE1CB485B500205A7F /* main.cpp */; };
		DD4357B71CB4860D00205A7F /* GLUT.framework in Frameworks */ = {isa = PBXBuildFile; fileRef = DD4357B51CB4860D00205A7F /* GLUT.framework */; };
		DD4357B81CB4860D00205A7F /* OpenGL.framework in Frameworks */ = {isa = PBXBuildFile; fileRef = DD4357B61CB4860D00205A7F /* OpenGL.framework */; };
		DD4357BB1CB49E6F00205A7F /* Sound.cpp in Sources */ = {isa = PBXBuildFile; fileRef = DD4357BA1CB49E6F00205A7F /* Sound.cpp */; };
		DD4357C11CB4A04E00205A7F /* OpenAL.framework in Frameworks */ = {isa = PBXBuildFile; fileRef = DD4357C01CB4A04E00205A7F /* OpenAL.framework */; };
/* End PBXBuildFile section */

/* Begin PBXCopyFilesBuildPhase section */
		DD4357A91CB485B500205A7F /* CopyFiles */ = {
			isa = PBXCopyFilesBuildPhase;
			buildActionMask = 2147483647;
			dstPath = /usr/share/man/man1/;
			dstSubfolderSpec = 0;
			files = (
			);
			runOnlyForDeploymentPostprocessing = 1;
		};
/* End PBXCopyFilesBuildPhase section */

/* Begin PBXFileReference section */
		DD4357AB1CB485B500205A7F /* pong_examen */ = {isa = PBXFileReference; explicitFileType = "compiled.mach-o.executable"; includeInIndex = 0; path = pong_examen; sourceTree = BUILT_PRODUCTS_DIR; };
		DD4357AE1CB485B500205A7F /* main.cpp */ = {isa = PBXFileReference; lastKnownFileType = sourcecode.cpp.cpp; path = main.cpp; sourceTree = "<group>"; };
		DD4357B51CB4860D00205A7F /* GLUT.framework */ = {isa = PBXFileReference; lastKnownFileType = wrapper.framework; name = GLUT.framework; path = System/Library/Frameworks/GLUT.framework; sourceTree = SDKROOT; };
		DD4357B61CB4860D00205A7F /* OpenGL.framework */ = {isa = PBXFileReference; lastKnownFileType = wrapper.framework; name = OpenGL.framework; path = System/Library/Frameworks/OpenGL.framework; sourceTree = SDKROOT; };
		DD4357B91CB49E5B00205A7F /* Sound.h */ = {isa = PBXFileReference; lastKnownFileType = sourcecode.c.h; path = Sound.h; sourceTree = "<group>"; };
		DD4357BA1CB49E6F00205A7F /* Sound.cpp */ = {isa = PBXFileReference; fileEncoding = 4; lastKnownFileType = sourcecode.cpp.cpp; path = Sound.cpp; sourceTree = "<group>"; };
		DD4357BD1CB49EA900205A7F /* die.wav */ = {isa = PBXFileReference; lastKnownFileType = audio.wav; path = die.wav; sourceTree = "<group>"; };
		DD4357BE1CB49EA900205A7F /* ping.wav */ = {isa = PBXFileReference; lastKnownFileType = audio.wav; path = ping.wav; sourceTree = "<group>"; };
		DD4357BF1CB4A01B00205A7F /* sonido.1 */ = {isa = PBXFileReference; lastKnownFileType = text.man; path = sonido.1; sourceTree = "<group>"; };
		DD4357C01CB4A04E00205A7F /* OpenAL.framework */ = {isa = PBXFileReference; lastKnownFileType = wrapper.framework; name = OpenAL.framework; path = System/Library/Frameworks/OpenAL.framework; sourceTree = SDKROOT; };
/* End PBXFileReference section */

/* Begin PBXFrameworksBuildPhase section */
		DD4357A81CB485B500205A7F /* Frameworks */ = {
			isa = PBXFrameworksBuildPhase;
			buildActionMask = 2147483647;
			files = (
				DD4357C11CB4A04E00205A7F /* OpenAL.framework in Frameworks */,
				DD4357B71CB4860D00205A7F /* GLUT.framework in Frameworks */,
				DD4357B81CB4860D00205A7F /* OpenGL.framework in Frameworks */,
			);
			runOnlyForDeploymentPostprocessing = 0;
		};
/* End PBXFrameworksBuildPhase section */

/* Begin PBXGroup section */
		DD4357A21CB485B500205A7F = {
			isa = PBXGroup;
			children = (
				DD4357C01CB4A04E00205A7F /* OpenAL.framework */,
				DD4357B51CB4860D00205A7F /* GLUT.framework */,
				DD4357B61CB4860D00205A7F /* OpenGL.framework */,
				DD4357AD1CB485B500205A7F /* pong_examen */,
				DD4357AC1CB485B500205A7F /* Products */,
			);
			sourceTree = "<group>";
		};
		DD4357AC1CB485B500205A7F /* Products */ = {
			isa = PBXGroup;
			children = (
				DD4357AB1CB485B500205A7F /* pong_examen */,
			);
			name = Products;
			sourceTree = "<group>";
		};
		DD4357AD1CB485B500205A7F /* pong_examen */ = {
			isa = PBXGroup;
			children = (
				DD4357AE1CB485B500205A7F /* main.cpp */,
				DD4357B91CB49E5B00205A7F /* Sound.h */,
				DD4357BA1CB49E6F00205A7F /* Sound.cpp */,
				DD4357BF1CB4A01B00205A7F /* sonido.1 */,
				DD4357BC1CB49EA900205A7F /* sounds */,
			);
			path = pong_examen;
			sourceTree = "<group>";
		};
		DD4357BC1CB49EA900205A7F /* sounds */ = {
			isa = PBXGroup;
			children = (
				DD4357BD1CB49EA900205A7F /* die.wav */,
				DD4357BE1CB49EA900205A7F /* ping.wav */,
			);
			path = sounds;
			sourceTree = "<group>";
		};
/* End PBXGroup section */

/* Begin PBXNativeTarget section */
		DD4357AA1CB485B500205A7F /* pong_examen */ = {
			isa = PBXNativeTarget;
			buildConfigurationList = DD4357B21CB485B500205A7F /* Build configuration list for PBXNativeTarget "pong_examen" */;
			buildPhases = (
				DD4357A71CB485B500205A7F /* Sources */,
				DD4357A81CB485B500205A7F /* Frameworks */,
				DD4357A91CB485B500205A7F /* CopyFiles */,
			);
			buildRules = (
			);
			dependencies = (
			);
			name = pong_examen;
			productName = pong_examen;
			productReference = DD4357AB1CB485B500205A7F /* pong_examen */;
			productType = "com.apple.product-type.tool";
		};
/* End PBXNativeTarget section */

/* Begin PBXProject section */
		DD4357A31CB485B500205A7F /* Project object */ = {
			isa = PBXProject;
			attributes = {
				LastUpgradeCheck = 0720;
				ORGANIZATIONNAME = "Tania Garrido Salido";
				TargetAttributes = {
					DD4357AA1CB485B500205A7F = {
						CreatedOnToolsVersion = 7.2.1;
					};
				};
			};
			buildConfigurationList = DD4357A61CB485B500205A7F /* Build configuration list for PBXProject "pong_examen" */;
			compatibilityVersion = "Xcode 3.2";
			developmentRegion = English;
			hasScannedForEncodings = 0;
			knownRegions = (
				en,
			);
			mainGroup = DD4357A21CB485B500205A7F;
			productRefGroup = DD4357AC1CB485B500205A7F /* Products */;
			projectDirPath = "";
			projectRoot = "";
			targets = (
				DD4357AA1CB485B500205A7F /* pong_examen */,
			);
		};
/* End PBXProject section */

/* Begin PBXSourcesBuildPhase section */
		DD4357A71CB485B500205A7F /* Sources */ = {
			isa = PBXSourcesBuildPhase;
			buildActionMask = 2147483647;
			files = (
				DD4357AF1CB485B500205A7F /* main.cpp in Sources */,
				DD4357BB1CB49E6F00205A7F /* Sound.cpp in Sources */,
			);
			runOnlyForDeploymentPostprocessing = 0;
		};
/* End PBXSourcesBuildPhase section */

/* Begin XCBuildConfiguration section */
		DD4357B01CB485B500205A7F /* Debug */ = {
			isa = XCBuildConfiguration;
			buildSettings = {
				ALWAYS_SEARCH_USER_PATHS = NO;
				CLANG_CXX_LANGUAGE_STANDARD = "gnu++0x";
				CLANG_CXX_LIBRARY = "libc++";
				CLANG_ENABLE_MODULES = YES;
				CLANG_ENABLE_OBJC_ARC = YES;
				CLANG_WARN_BOOL_CONVERSION = YES;
				CLANG_WARN_CONSTANT_CONVERSION = YES;
				CLANG_WARN_DIRECT_OBJC_ISA_USAGE = YES_ERROR;
				CLANG_WARN_EMPTY_BODY = YES;
				CLANG_WARN_ENUM_CONVERSION = YES;
				CLANG_WARN_INT_CONVERSION = YES;
				CLANG_WARN_OBJC_ROOT_CLASS = YES_ERROR;
				CLANG_WARN_UNREACHABLE_CODE = YES;
				CLANG_WARN__DUPLICATE_METHOD_MATCH = YES;
				CODE_SIGN_IDENTITY = "-";
				COPY_PHASE_STRIP = NO;
				DEBUG_INFORMATION_FORMAT = dwarf;
				ENABLE_STRICT_OBJC_MSGSEND = YES;
				ENABLE_TESTABILITY = YES;
				GCC_C_LANGUAGE_STANDARD = gnu99;
				GCC_DYNAMIC_NO_PIC = NO;
				GCC_NO_COMMON_BLOCKS = YES;
				GCC_OPTIMIZATION_LEVEL = 0;
				GCC_PREPROCESSOR_DEFINITIONS = (
					"DEBUG=1",
					"$(inherited)",
				);
				GCC_WARN_64_TO_32_BIT_CONVERSION = YES;
				GCC_WARN_ABOUT_RETURN_TYPE = YES_ERROR;
				GCC_WARN_UNDECLARED_SELECTOR = YES;
				GCC_WARN_UNINITIALIZED_AUTOS = YES_AGGRESSIVE;
				GCC_WARN_UNUSED_FUNCTION = YES;
				GCC_WARN_UNUSED_VARIABLE = YES;
				MACOSX_DEPLOYMENT_TARGET = 10.8;
				MTL_ENABLE_DEBUG_INFO = YES;
				ONLY_ACTIVE_ARCH = YES;
				SDKROOT = macosx;
			};
			name = Debug;
		};
		DD4357B11CB485B500205A7F /* Release */ = {
			isa = XCBuildConfiguration;
			buildSettings = {
				ALWAYS_SEARCH_USER_PATHS = NO;
				CLANG_CXX_LANGUAGE_STANDARD = "gnu++0x";
				CLANG_CXX_LIBRARY = "libc++";
				CLANG_ENABLE_MODULES = YES;
				CLANG_ENABLE_OBJC_ARC = YES;
				CLANG_WARN_BOOL_CONVERSION = YES;
				CLANG_WARN_CONSTANT_CONVERSION = YES;
				CLANG_WARN_DIRECT_OBJC_ISA_USAGE = YES_ERROR;
				CLANG_WARN_EMPTY_BODY = YES;
				CLANG_WARN_ENUM_CONVERSION = YES;
				CLANG_WARN_INT_CONVERSION = YES;
				CLANG_WARN_OBJC_ROOT_CLASS = YES_ERROR;
				CLANG_WARN_UNREACHABLE_CODE = YES;
				CLANG_WARN__DUPLICATE_METHOD_MATCH = YES;
				CODE_SIGN_IDENTITY = "-";
				COPY_PHASE_STRIP = NO;
				DEBUG_INFORMATION_FORMAT = "dwarf-with-dsym";
				ENABLE_NS_ASSERTIONS = NO;
				ENABLE_STRICT_OBJC_MSGSEND = YES;
				GCC_C_LANGUAGE_STANDARD = gnu99;
				GCC_NO_COMMON_BLOCKS = YES;
				GCC_WARN_64_TO_32_BIT_CONVERSION = YES;
				GCC_WARN_ABOUT_RETURN_TYPE = YES_ERROR;
				GCC_WARN_UNDECLARED_SELECTOR = YES;
				GCC_WARN_UNINITIALIZED_AUTOS = YES_AGGRESSIVE;
				GCC_WARN_UNUSED_FUNCTION = YES;
				GCC_WARN_UNUSED_VARIABLE = YES;
				MACOSX_DEPLOYMENT_TARGET = 10.8;
				MTL_ENABLE_DEBUG_INFO = NO;
				SDKROOT = macosx;
			};
			name = Release;
		};
		DD4357B31CB485B500205A7F /* Debug */ = {
			isa = XCBuildConfiguration;
			buildSettings = {
				PRODUCT_NAME = "$(TARGET_NAME)";
			};
			name = Debug;
		};
		DD4357B41CB485B500205A7F /* Release */ = {
			isa = XCBuildConfiguration;
			buildSettings = {
				PRODUCT_NAME = "$(TARGET_NAME)";
			};
			name = Release;
		};
/* End XCBuildConfiguration section */

/* Begin XCConfigurationList section */
		DD4357A61CB485B500205A7F /* Build configuration list for PBXProject "pong_examen" */ = {
			isa = XCConfigurationList;
			buildConfigurations = (
				DD4357B01CB485B500205A7F /* Debug */,
				DD4357B11CB485B500205A7F /* Release */,
			);
			defaultConfigurationIsVisible = 0;
			defaultConfigurationName = Release;
		};
		DD4357B21CB485B500205A7F /* Build configuration list for PBXNativeTarget "pong_examen" */ = {
			isa = XCConfigurationList;
			buildConfigurations = (
				DD4357B31CB485B500205A7F /* Debug */,
				DD4357B41CB485B500205A7F /* Release */,
			);
			defaultConfigurationIsVisible = 0;
			defaultConfigurationName = Release;
		};
/* End XCConfigurationList section */
	};
	rootObject = DD4357A31CB485B500205A7F /* Project object */;
}
